# THIS IS AN AUTOGENERATED FILE. DO NOT EDIT THIS FILE DIRECTLY.
# yarn lockfile v1


"@brigadecore/brigadier@^2.5.0":
  version "2.5.0"
  resolved "https://registry.yarnpkg.com/@brigadecore/brigadier/-/brigadier-2.5.0.tgz#926dc00479a6f92816dec63f3c5270c98e6e6c86"
  integrity sha512-xJyY4Kq+9Spbl8gMTvXWDvyBYBaK7inExpcHYmKKKZxGZIFrVj6XXfTS9kyeRXo0iTJKWLfImdSz8x4c2aOzaQ==
  dependencies:
    "@types/node" "^16.10.3"
    typescript "4.4.3"

"@types/node@^16.10.3":
  version "16.11.36"
  resolved "https://registry.yarnpkg.com/@types/node/-/node-16.11.36.tgz#9ab9f8276987132ed2b225cace2218ba794fc751"
  integrity sha512-FR5QJe+TaoZ2GsMHkjuwoNabr+UrJNRr2HNOo+r/7vhcuntM6Ee/pRPOnRhhL2XE9OOvX9VLEq+BcXl3VjNoWA==

typescript@4.4.3:
  version "4.4.3"
  resolved "https://registry.yarnpkg.com/typescript/-/typescript-4.4.3.tgz#bdc5407caa2b109efd4f82fe130656f977a29324"
  integrity sha512-4xfscpisVgqqDfPaJo5vkd+Qd/ItkoagnHpufr+i2QCHBsNYp+G7UAoyFl8aPtx879u38wPV65rZ8qbGZijalA==
